
Microsoft Visual Studio Solution File, Format Version 12.00
# Visual Studio 15
VisualStudioVersion = 15.0.27703.2042
MinimumVisualStudioVersion = 10.0.40219.1
Project("{FAE04EC0-301F-11D3-BF4B-00C04F79EFBC}") = "CSharpLessons1", "CSharpLessons1\CSharpLessons1.csproj", "{8E9301EF-F8C2-4AA8-B83C-FEC9B7C18133}"
EndProject
Global
	GlobalSection(SolutionConfigurationPlatforms) = preSolution
		Debug|Any CPU = Debug|Any CPU
		Release|Any CPU = Release|Any CPU
	EndGlobalSection
	GlobalSection(ProjectConfigurationPlatforms) = postSolution
		{8E9301EF-F8C2-4AA8-B83C-FEC9B7C18133}.Debug|Any CPU.ActiveCfg = Debug|Any CPU
		{8E9301EF-F8C2-4AA8-B83C-FEC9B7C18133}.Debug|Any CPU.Build.0 = Debug|Any CPU
		{8E9301EF-F8C2-4AA8-B83C-FEC9B7C18133}.Release|Any CPU.ActiveCfg = Release|Any CPU
		{8E9301EF-F8C2-4AA8-B83C-FEC9B7C18133}.Release|Any CPU.Build.0 = Release|Any CPU
	EndGlobalSection
	GlobalSection(SolutionProperties) = preSolution
		HideSolutionNode = FALSE
	EndGlobalSection
	GlobalSection(ExtensibilityGlobals) = postSolution
		SolutionGuid = {C63397AC-BC36-4388-AE9C-C794F547A060}
	EndGlobalSection
EndGlobal
